
Microsoft Visual Studio Solution File, Format Version 12.00
# Visual Studio Version 17
VisualStudioVersion = 17.4.33122.133
MinimumVisualStudioVersion = 10.0.40219.1
Project("{FAE04EC0-301F-11D3-BF4B-00C04F79EFBC}") = "prg-projekt", "prg-projekt\prg-projekt.csproj", "{55EEE941-64E9-4399-BF3F-EC34E1F4C491}"
EndProject
Global
	GlobalSection(SolutionConfigurationPlatforms) = preSolution
		Debug|Any CPU = Debug|Any CPU
		Release|Any CPU = Release|Any CPU
	EndGlobalSection
	GlobalSection(ProjectConfigurationPlatforms) = postSolution
		{55EEE941-64E9-4399-BF3F-EC34E1F4C491}.Debug|Any CPU.ActiveCfg = Debug|Any CPU
		{55EEE941-64E9-4399-BF3F-EC34E1F4C491}.Debug|Any CPU.Build.0 = Debug|Any CPU
		{55EEE941-64E9-4399-BF3F-EC34E1F4C491}.Release|Any CPU.ActiveCfg = Release|Any CPU
		{55EEE941-64E9-4399-BF3F-EC34E1F4C491}.Release|Any CPU.Build.0 = Release|Any CPU
	EndGlobalSection
	GlobalSection(SolutionProperties) = preSolution
		HideSolutionNode = FALSE
	EndGlobalSection
	GlobalSection(ExtensibilityGlobals) = postSolution
		SolutionGuid = {4FD599A0-A9AE-4731-80AA-766F55FB24F5}
	EndGlobalSection
EndGlobal
